
Microsoft Visual Studio Solution File, Format Version 12.00
# Visual Studio 2013
VisualStudioVersion = 12.0.21005.1
MinimumVisualStudioVersion = 10.0.40219.1
Project("{FAE04EC0-301F-11D3-BF4B-00C04F79EFBC}") = "Banking.Models", "Banking.Models\Banking.Models.csproj", "{B8F5D496-CCAB-4DD8-9793-0C4BA15BC777}"
EndProject
Project("{FAE04EC0-301F-11D3-BF4B-00C04F79EFBC}") = "Banking.DataAccess", "Banking.DataAccess\Banking.DataAccess.csproj", "{3F1A0426-A1A0-452C-B836-8E64D5D95303}"
EndProject
Project("{FAE04EC0-301F-11D3-BF4B-00C04F79EFBC}") = "Banking.Core", "Banking.Core\Banking.Core.csproj", "{6AC6434D-C390-4559-9873-3CD6F41CEBF0}"
EndProject
Project("{FAE04EC0-301F-11D3-BF4B-00C04F79EFBC}") = "Banking.Common", "Banking.Common\Banking.Common.csproj", "{74671C95-4549-42B7-82C7-AF6C35D54769}"
EndProject
Project("{FAE04EC0-301F-11D3-BF4B-00C04F79EFBC}") = "Banking.Tests", "Banking.Tests\Banking.Tests.csproj", "{46FB3F1A-4452-4519-BBC0-6C379B8F0301}"
EndProject
Project("{FAE04EC0-301F-11D3-BF4B-00C04F79EFBC}") = "Banking.Api", "Banking.Api\Banking.Api.csproj", "{0F674AA0-1FC2-43BB-AE34-0831F4105835}"
EndProject
Global
	GlobalSection(SolutionConfigurationPlatforms) = preSolution
		Debug|Any CPU = Debug|Any CPU
		Release|Any CPU = Release|Any CPU
	EndGlobalSection
	GlobalSection(ProjectConfigurationPlatforms) = postSolution
		{B8F5D496-CCAB-4DD8-9793-0C4BA15BC777}.Debug|Any CPU.ActiveCfg = Debug|Any CPU
		{B8F5D496-CCAB-4DD8-9793-0C4BA15BC777}.Debug|Any CPU.Build.0 = Debug|Any CPU
		{B8F5D496-CCAB-4DD8-9793-0C4BA15BC777}.Release|Any CPU.ActiveCfg = Release|Any CPU
		{B8F5D496-CCAB-4DD8-9793-0C4BA15BC777}.Release|Any CPU.Build.0 = Release|Any CPU
		{3F1A0426-A1A0-452C-B836-8E64D5D95303}.Debug|Any CPU.ActiveCfg = Debug|Any CPU
		{3F1A0426-A1A0-452C-B836-8E64D5D95303}.Debug|Any CPU.Build.0 = Debug|Any CPU
		{3F1A0426-A1A0-452C-B836-8E64D5D95303}.Release|Any CPU.ActiveCfg = Release|Any CPU
		{3F1A0426-A1A0-452C-B836-8E64D5D95303}.Release|Any CPU.Build.0 = Release|Any CPU
		{6AC6434D-C390-4559-9873-3CD6F41CEBF0}.Debug|Any CPU.ActiveCfg = Debug|Any CPU
		{6AC6434D-C390-4559-9873-3CD6F41CEBF0}.Debug|Any CPU.Build.0 = Debug|Any CPU
		{6AC6434D-C390-4559-9873-3CD6F41CEBF0}.Release|Any CPU.ActiveCfg = Release|Any CPU
		{6AC6434D-C390-4559-9873-3CD6F41CEBF0}.Release|Any CPU.Build.0 = Release|Any CPU
		{74671C95-4549-42B7-82C7-AF6C35D54769}.Debug|Any CPU.ActiveCfg = Debug|Any CPU
		{74671C95-4549-42B7-82C7-AF6C35D54769}.Debug|Any CPU.Build.0 = Debug|Any CPU
		{74671C95-4549-42B7-82C7-AF6C35D54769}.Release|Any CPU.ActiveCfg = Release|Any CPU
		{74671C95-4549-42B7-82C7-AF6C35D54769}.Release|Any CPU.Build.0 = Release|Any CPU
		{46FB3F1A-4452-4519-BBC0-6C379B8F0301}.Debug|Any CPU.ActiveCfg = Debug|Any CPU
		{46FB3F1A-4452-4519-BBC0-6C379B8F0301}.Debug|Any CPU.Build.0 = Debug|Any CPU
		{46FB3F1A-4452-4519-BBC0-6C379B8F0301}.Release|Any CPU.ActiveCfg = Release|Any CPU
		{46FB3F1A-4452-4519-BBC0-6C379B8F0301}.Release|Any CPU.Build.0 = Release|Any CPU
		{0F674AA0-1FC2-43BB-AE34-0831F4105835}.Debug|Any CPU.ActiveCfg = Debug|Any CPU
		{0F674AA0-1FC2-43BB-AE34-0831F4105835}.Debug|Any CPU.Build.0 = Debug|Any CPU
		{0F674AA0-1FC2-43BB-AE34-0831F4105835}.Release|Any CPU.ActiveCfg = Release|Any CPU
		{0F674AA0-1FC2-43BB-AE34-0831F4105835}.Release|Any CPU.Build.0 = Release|Any CPU
	EndGlobalSection
	GlobalSection(SolutionProperties) = preSolution
		HideSolutionNode = FALSE
	EndGlobalSection
EndGlobal
